
Microsoft Visual Studio Solution File, Format Version 12.00
# Visual Studio Version 16
VisualStudioVersion = 16.0.34031.81
MinimumVisualStudioVersion = 10.0.40219.1
Project("{2150E333-8FDC-42A3-9474-1A3956D46DE8}") = "Task0", "Task0", "{38FFFA77-4CE1-4E2F-B373-1045676E68A3}"
EndProject
Project("{FAE04EC0-301F-11D3-BF4B-00C04F79EFBC}") = "Tyuiu.MenshikovEA.Sprint4.Task0.V13", "Tyuiu.MenshikovEA.Sprint4.Task0.V13\Tyuiu.MenshikovEA.Sprint4.Task0.V13.csproj", "{C2E2DBBF-7A1D-410D-9DFE-02B166C1EF03}"
EndProject
Project("{FAE04EC0-301F-11D3-BF4B-00C04F79EFBC}") = "Tyuiu.MenshikovEA.Sprint4.Task0.V13.Lib", "Tyuiu.MenshikovEA.Sprint4.Task0.V13.Lib\Tyuiu.MenshikovEA.Sprint4.Task0.V13.Lib.csproj", "{89F3E5A4-87C1-4D33-9506-E2BB6C9EA194}"
EndProject
Project("{FAE04EC0-301F-11D3-BF4B-00C04F79EFBC}") = "Tyuiu.MenshikovEA.Sprint4.Task0.V13.Test", "Tyuiu.MenshikovEA.Sprint4.Task0.V13.Test\Tyuiu.MenshikovEA.Sprint4.Task0.V13.Test.csproj", "{3FDFAC57-9329-4AFB-800C-8CFC1599BA4F}"
EndProject
Project("{2150E333-8FDC-42A3-9474-1A3956D46DE8}") = "Task1", "Task1", "{856721CE-BE71-4553-B3E3-250095DB3A61}"
EndProject
Project("{FAE04EC0-301F-11D3-BF4B-00C04F79EFBC}") = "Tyuiu.MenshikovEA.Sprint4.Task1.V20", "Tyuiu.MenshikovEA.Sprint4.Task1.V20\Tyuiu.MenshikovEA.Sprint4.Task1.V20.csproj", "{AC267E22-8AD5-4DE5-904D-12B4BDB3A039}"
EndProject
Project("{FAE04EC0-301F-11D3-BF4B-00C04F79EFBC}") = "Tyuiu.MenshikovEA.Sprint4.Task1.V20.Lib", "Tyuiu.MenshikovEA.Sprint4.Task1.V20.Lib\Tyuiu.MenshikovEA.Sprint4.Task1.V20.Lib.csproj", "{C737C5CA-6158-482A-95FC-A115CD83E9B7}"
EndProject
Project("{FAE04EC0-301F-11D3-BF4B-00C04F79EFBC}") = "Tyuiu.MenshikovEA.Sprint4.Task1.V20.Test", "Tyuiu.MenshikovEA.Sprint4.Task1.V20.Test\Tyuiu.MenshikovEA.Sprint4.Task1.V20.Test.csproj", "{0D91EF68-6CB7-40B6-AEE6-F965CF736271}"
EndProject
Global
	GlobalSection(SolutionConfigurationPlatforms) = preSolution
		Debug|Any CPU = Debug|Any CPU
		Release|Any CPU = Release|Any CPU
	EndGlobalSection
	GlobalSection(ProjectConfigurationPlatforms) = postSolution
		{C2E2DBBF-7A1D-410D-9DFE-02B166C1EF03}.Debug|Any CPU.ActiveCfg = Debug|Any CPU
		{C2E2DBBF-7A1D-410D-9DFE-02B166C1EF03}.Debug|Any CPU.Build.0 = Debug|Any CPU
		{C2E2DBBF-7A1D-410D-9DFE-02B166C1EF03}.Release|Any CPU.ActiveCfg = Release|Any CPU
		{C2E2DBBF-7A1D-410D-9DFE-02B166C1EF03}.Release|Any CPU.Build.0 = Release|Any CPU
		{89F3E5A4-87C1-4D33-9506-E2BB6C9EA194}.Debug|Any CPU.ActiveCfg = Debug|Any CPU
		{89F3E5A4-87C1-4D33-9506-E2BB6C9EA194}.Debug|Any CPU.Build.0 = Debug|Any CPU
		{89F3E5A4-87C1-4D33-9506-E2BB6C9EA194}.Release|Any CPU.ActiveCfg = Release|Any CPU
		{89F3E5A4-87C1-4D33-9506-E2BB6C9EA194}.Release|Any CPU.Build.0 = Release|Any CPU
		{3FDFAC57-9329-4AFB-800C-8CFC1599BA4F}.Debug|Any CPU.ActiveCfg = Debug|Any CPU
		{3FDFAC57-9329-4AFB-800C-8CFC1599BA4F}.Debug|Any CPU.Build.0 = Debug|Any CPU
		{3FDFAC57-9329-4AFB-800C-8CFC1599BA4F}.Release|Any CPU.ActiveCfg = Release|Any CPU
		{3FDFAC57-9329-4AFB-800C-8CFC1599BA4F}.Release|Any CPU.Build.0 = Release|Any CPU
		{AC267E22-8AD5-4DE5-904D-12B4BDB3A039}.Debug|Any CPU.ActiveCfg = Debug|Any CPU
		{AC267E22-8AD5-4DE5-904D-12B4BDB3A039}.Debug|Any CPU.Build.0 = Debug|Any CPU
		{AC267E22-8AD5-4DE5-904D-12B4BDB3A039}.Release|Any CPU.ActiveCfg = Release|Any CPU
		{AC267E22-8AD5-4DE5-904D-12B4BDB3A039}.Release|Any CPU.Build.0 = Release|Any CPU
		{C737C5CA-6158-482A-95FC-A115CD83E9B7}.Debug|Any CPU.ActiveCfg = Debug|Any CPU
		{C737C5CA-6158-482A-95FC-A115CD83E9B7}.Debug|Any CPU.Build.0 = Debug|Any CPU
		{C737C5CA-6158-482A-95FC-A115CD83E9B7}.Release|Any CPU.ActiveCfg = Release|Any CPU
		{C737C5CA-6158-482A-95FC-A115CD83E9B7}.Release|Any CPU.Build.0 = Release|Any CPU
		{0D91EF68-6CB7-40B6-AEE6-F965CF736271}.Debug|Any CPU.ActiveCfg = Debug|Any CPU
		{0D91EF68-6CB7-40B6-AEE6-F965CF736271}.Debug|Any CPU.Build.0 = Debug|Any CPU
		{0D91EF68-6CB7-40B6-AEE6-F965CF736271}.Release|Any CPU.ActiveCfg = Release|Any CPU
		{0D91EF68-6CB7-40B6-AEE6-F965CF736271}.Release|Any CPU.Build.0 = Release|Any CPU
	EndGlobalSection
	GlobalSection(SolutionProperties) = preSolution
		HideSolutionNode = FALSE
	EndGlobalSection
	GlobalSection(NestedProjects) = preSolution
		{C2E2DBBF-7A1D-410D-9DFE-02B166C1EF03} = {38FFFA77-4CE1-4E2F-B373-1045676E68A3}
		{89F3E5A4-87C1-4D33-9506-E2BB6C9EA194} = {38FFFA77-4CE1-4E2F-B373-1045676E68A3}
		{3FDFAC57-9329-4AFB-800C-8CFC1599BA4F} = {38FFFA77-4CE1-4E2F-B373-1045676E68A3}
		{AC267E22-8AD5-4DE5-904D-12B4BDB3A039} = {856721CE-BE71-4553-B3E3-250095DB3A61}
		{C737C5CA-6158-482A-95FC-A115CD83E9B7} = {856721CE-BE71-4553-B3E3-250095DB3A61}
		{0D91EF68-6CB7-40B6-AEE6-F965CF736271} = {856721CE-BE71-4553-B3E3-250095DB3A61}
	EndGlobalSection
	GlobalSection(ExtensibilityGlobals) = postSolution
		SolutionGuid = {72489A7E-25B2-445A-9CEF-6D9805135120}
	EndGlobalSection
EndGlobal
