
Microsoft Visual Studio Solution File, Format Version 12.00
# Visual Studio Version 16
VisualStudioVersion = 16.0.34031.81
MinimumVisualStudioVersion = 10.0.40219.1
Project("{2150E333-8FDC-42A3-9474-1A3956D46DE8}") = "Task0", "Task0", "{38FFFA77-4CE1-4E2F-B373-1045676E68A3}"
EndProject
Project("{FAE04EC0-301F-11D3-BF4B-00C04F79EFBC}") = "Tyuiu.MenshikovEA.Sprint4.Task0.V13", "Tyuiu.MenshikovEA.Sprint4.Task0.V13\Tyuiu.MenshikovEA.Sprint4.Task0.V13.csproj", "{C2E2DBBF-7A1D-410D-9DFE-02B166C1EF03}"
EndProject
Project("{FAE04EC0-301F-11D3-BF4B-00C04F79EFBC}") = "Tyuiu.MenshikovEA.Sprint4.Task0.V13.Lib", "Tyuiu.MenshikovEA.Sprint4.Task0.V13.Lib\Tyuiu.MenshikovEA.Sprint4.Task0.V13.Lib.csproj", "{89F3E5A4-87C1-4D33-9506-E2BB6C9EA194}"
EndProject
Project("{FAE04EC0-301F-11D3-BF4B-00C04F79EFBC}") = "Tyuiu.MenshikovEA.Sprint4.Task0.V13.Test", "Tyuiu.MenshikovEA.Sprint4.Task0.V13.Test\Tyuiu.MenshikovEA.Sprint4.Task0.V13.Test.csproj", "{3FDFAC57-9329-4AFB-800C-8CFC1599BA4F}"
EndProject
Project("{2150E333-8FDC-42A3-9474-1A3956D46DE8}") = "Task1", "Task1", "{856721CE-BE71-4553-B3E3-250095DB3A61}"
EndProject
Project("{FAE04EC0-301F-11D3-BF4B-00C04F79EFBC}") = "Tyuiu.MenshikovEA.Sprint4.Task1.V20", "Tyuiu.MenshikovEA.Sprint4.Task1.V20\Tyuiu.MenshikovEA.Sprint4.Task1.V20.csproj", "{AC267E22-8AD5-4DE5-904D-12B4BDB3A039}"
EndProject
Project("{FAE04EC0-301F-11D3-BF4B-00C04F79EFBC}") = "Tyuiu.MenshikovEA.Sprint4.Task1.V20.Lib", "Tyuiu.MenshikovEA.Sprint4.Task1.V20.Lib\Tyuiu.MenshikovEA.Sprint4.Task1.V20.Lib.csproj", "{C737C5CA-6158-482A-95FC-A115CD83E9B7}"
EndProject
Project("{FAE04EC0-301F-11D3-BF4B-00C04F79EFBC}") = "Tyuiu.MenshikovEA.Sprint4.Task1.V20.Test", "Tyuiu.MenshikovEA.Sprint4.Task1.V20.Test\Tyuiu.MenshikovEA.Sprint4.Task1.V20.Test.csproj", "{0D91EF68-6CB7-40B6-AEE6-F965CF736271}"
EndProject
Project("{2150E333-8FDC-42A3-9474-1A3956D46DE8}") = "Task2", "Task2", "{4707B68E-8D59-4BF1-89F3-DF23CEA86212}"
EndProject
Project("{FAE04EC0-301F-11D3-BF4B-00C04F79EFBC}") = "Tyuiu.MenshikovEA.Sprint4.Task2.V26", "Tyuiu.MenshikovEA.Sprint4.Task2.V26\Tyuiu.MenshikovEA.Sprint4.Task2.V26.csproj", "{19428801-C8BE-4297-BC1C-F77F9955A3A3}"
EndProject
Project("{FAE04EC0-301F-11D3-BF4B-00C04F79EFBC}") = "Tyuiu.MenshikovEA.Sprint4.Task2.V26.Lib", "Tyuiu.MenshikovEA.Sprint4.Task2.V26.Lib\Tyuiu.MenshikovEA.Sprint4.Task2.V26.Lib.csproj", "{EEAB0DA8-0C47-48AC-89B8-E8074A7AF32D}"
EndProject
Project("{FAE04EC0-301F-11D3-BF4B-00C04F79EFBC}") = "Tyuiu.MenshikovEA.Sprint4.Task2.V26.Test", "Tyuiu.MenshikovEA.Sprint4.Task2.V26.Test\Tyuiu.MenshikovEA.Sprint4.Task2.V26.Test.csproj", "{E11CF999-D31C-4A2D-A720-5107933D4499}"
EndProject
Project("{2150E333-8FDC-42A3-9474-1A3956D46DE8}") = "Task3", "Task3", "{867ABA93-B233-4C04-BFDB-1D21D64CE966}"
EndProject
Project("{FAE04EC0-301F-11D3-BF4B-00C04F79EFBC}") = "Tyuiu.MenshikovEA.Sprint4.Task3.V16", "Tyuiu.MenshikovEA.Sprint4.Task3.V16\Tyuiu.MenshikovEA.Sprint4.Task3.V16.csproj", "{1686DACF-0AFD-4D18-A8D6-8C389545F221}"
EndProject
Project("{FAE04EC0-301F-11D3-BF4B-00C04F79EFBC}") = "Tyuiu.MenshikovEA.Sprint4.Task3.V16.Lib", "Tyuiu.MenshikovEA.Sprint4.Task3.V16.Lib\Tyuiu.MenshikovEA.Sprint4.Task3.V16.Lib.csproj", "{6978153B-847E-46D2-98DB-806165EEA17A}"
EndProject
Project("{FAE04EC0-301F-11D3-BF4B-00C04F79EFBC}") = "Tyuiu.MenshikovEA.Sprint4.Task3.V16.Test", "Tyuiu.MenshikovEA.Sprint4.Task3.V16.Test\Tyuiu.MenshikovEA.Sprint4.Task3.V16.Test.csproj", "{AA297341-94E6-478D-99A5-E525F6395CD7}"
EndProject
Project("{2150E333-8FDC-42A3-9474-1A3956D46DE8}") = "Task4", "Task4", "{153BA058-11A4-4B7D-B321-96A202829A2C}"
EndProject
Project("{FAE04EC0-301F-11D3-BF4B-00C04F79EFBC}") = "Tyuiu.MenshikovEA.Sprint4.Task4.V29", "Tyuiu.MenshikovEA.Sprint4.Task4.V29\Tyuiu.MenshikovEA.Sprint4.Task4.V29.csproj", "{86343BCF-B00D-4B56-8C0D-3BCE797497AC}"
EndProject
Project("{FAE04EC0-301F-11D3-BF4B-00C04F79EFBC}") = "Tyuiu.MenshikovEA.Sprint4.Task4.V29.Lib", "Tyuiu.MenshikovEA.Sprint4.Task4.V29.Lib\Tyuiu.MenshikovEA.Sprint4.Task4.V29.Lib.csproj", "{14863A02-3622-48BF-AB05-4EF39013BC13}"
EndProject
Project("{FAE04EC0-301F-11D3-BF4B-00C04F79EFBC}") = "Tyuiu.MenshikovEA.Sprint4.Task4.V29.Test", "Tyuiu.MenshikovEA.Sprint4.Task4.V29.Test\Tyuiu.MenshikovEA.Sprint4.Task4.V29.Test.csproj", "{AFC2C848-E18B-4937-A8F2-315E38443DF9}"
EndProject
Project("{2150E333-8FDC-42A3-9474-1A3956D46DE8}") = "Task5", "Task5", "{867C7D0E-A2A5-405A-9289-0A33E4C9BF47}"
EndProject
Project("{FAE04EC0-301F-11D3-BF4B-00C04F79EFBC}") = "Tyuiu.MenshikovEA.Sprint4.Task5.V23", "Tyuiu.MenshikovEA.Sprint4.Task5.V23\Tyuiu.MenshikovEA.Sprint4.Task5.V23.csproj", "{06DCC444-9755-44F6-B53C-F672225DCDB3}"
EndProject
Project("{FAE04EC0-301F-11D3-BF4B-00C04F79EFBC}") = "Tyuiu.MenshikovEA.Sprint4.Task5.V23.Lib", "Tyuiu.MenshikovEA.Sprint4.Task5.V23.Lib\Tyuiu.MenshikovEA.Sprint4.Task5.V23.Lib.csproj", "{AB714DB8-D2D8-4381-B6AA-9FFD98207F6A}"
EndProject
Project("{FAE04EC0-301F-11D3-BF4B-00C04F79EFBC}") = "Tyuiu.MenshikovEA.Sprint4.Task5.V23.Test", "Tyuiu.MenshikovEA.Sprint4.Task5.V23.Test\Tyuiu.MenshikovEA.Sprint4.Task5.V23.Test.csproj", "{E31056E2-F887-49F7-8FC6-487074ADD0D6}"
EndProject
Project("{2150E333-8FDC-42A3-9474-1A3956D46DE8}") = "Task6", "Task6", "{AEF0ECB1-213C-4251-B51C-73DBA1DBEA57}"
EndProject
Project("{FAE04EC0-301F-11D3-BF4B-00C04F79EFBC}") = "Tyuiu.MenshikovEA.Sprint4.Task6.V3", "Tyuiu.MenshikovEA.Sprint4.Task6.V3\Tyuiu.MenshikovEA.Sprint4.Task6.V3.csproj", "{0F369232-BAEE-4F5A-A4E8-A1D294679AED}"
EndProject
Project("{FAE04EC0-301F-11D3-BF4B-00C04F79EFBC}") = "Tyuiu.MenshikovEA.Sprint4.Task6.V3.Lib", "Tyuiu.MenshikovEA.Sprint4.Task6.V3.Lib\Tyuiu.MenshikovEA.Sprint4.Task6.V3.Lib.csproj", "{56CAA70D-F3F7-46FA-955F-FD97E44E74D7}"
EndProject
Project("{FAE04EC0-301F-11D3-BF4B-00C04F79EFBC}") = "Tyuiu.MenshikovEA.Sprint4.Task6.V3.Test", "Tyuiu.MenshikovEA.Sprint4.Task6.V3.Test\Tyuiu.MenshikovEA.Sprint4.Task6.V3.Test.csproj", "{3E603FD5-DE93-4735-954D-39554C8BC8DA}"
EndProject
Project("{2150E333-8FDC-42A3-9474-1A3956D46DE8}") = "Task7", "Task7", "{07895253-B155-4B17-A2FD-BF29E78A9A5B}"
EndProject
Project("{FAE04EC0-301F-11D3-BF4B-00C04F79EFBC}") = "Tyuiu.MenshikovEA.Sprint4.Task7.V8", "Tyuiu.MenshikovEA.Sprint4.Task7.V8\Tyuiu.MenshikovEA.Sprint4.Task7.V8.csproj", "{39C3E95C-9343-4E36-8AB0-180C953F5053}"
EndProject
Project("{FAE04EC0-301F-11D3-BF4B-00C04F79EFBC}") = "Tyuiu.MenshikovEA.Sprint4.Task7.V8.Lib", "Tyuiu.MenshikovEA.Sprint4.Task7.V8.Lib\Tyuiu.MenshikovEA.Sprint4.Task7.V8.Lib.csproj", "{10E22A38-B843-4166-88E1-367795FBC337}"
EndProject
Project("{FAE04EC0-301F-11D3-BF4B-00C04F79EFBC}") = "Tyuiu.MenshikovEA.Sprint4.Task7.V8.Test", "Tyuiu.MenshikovEA.Sprint4.Task7.V8.Test\Tyuiu.MenshikovEA.Sprint4.Task7.V8.Test.csproj", "{2C6E4496-961D-463A-936D-6142D5061E2A}"
EndProject
Global
	GlobalSection(SolutionConfigurationPlatforms) = preSolution
		Debug|Any CPU = Debug|Any CPU
		Release|Any CPU = Release|Any CPU
	EndGlobalSection
	GlobalSection(ProjectConfigurationPlatforms) = postSolution
		{C2E2DBBF-7A1D-410D-9DFE-02B166C1EF03}.Debug|Any CPU.ActiveCfg = Debug|Any CPU
		{C2E2DBBF-7A1D-410D-9DFE-02B166C1EF03}.Debug|Any CPU.Build.0 = Debug|Any CPU
		{C2E2DBBF-7A1D-410D-9DFE-02B166C1EF03}.Release|Any CPU.ActiveCfg = Release|Any CPU
		{C2E2DBBF-7A1D-410D-9DFE-02B166C1EF03}.Release|Any CPU.Build.0 = Release|Any CPU
		{89F3E5A4-87C1-4D33-9506-E2BB6C9EA194}.Debug|Any CPU.ActiveCfg = Debug|Any CPU
		{89F3E5A4-87C1-4D33-9506-E2BB6C9EA194}.Debug|Any CPU.Build.0 = Debug|Any CPU
		{89F3E5A4-87C1-4D33-9506-E2BB6C9EA194}.Release|Any CPU.ActiveCfg = Release|Any CPU
		{89F3E5A4-87C1-4D33-9506-E2BB6C9EA194}.Release|Any CPU.Build.0 = Release|Any CPU
		{3FDFAC57-9329-4AFB-800C-8CFC1599BA4F}.Debug|Any CPU.ActiveCfg = Debug|Any CPU
		{3FDFAC57-9329-4AFB-800C-8CFC1599BA4F}.Debug|Any CPU.Build.0 = Debug|Any CPU
		{3FDFAC57-9329-4AFB-800C-8CFC1599BA4F}.Release|Any CPU.ActiveCfg = Release|Any CPU
		{3FDFAC57-9329-4AFB-800C-8CFC1599BA4F}.Release|Any CPU.Build.0 = Release|Any CPU
		{AC267E22-8AD5-4DE5-904D-12B4BDB3A039}.Debug|Any CPU.ActiveCfg = Debug|Any CPU
		{AC267E22-8AD5-4DE5-904D-12B4BDB3A039}.Debug|Any CPU.Build.0 = Debug|Any CPU
		{AC267E22-8AD5-4DE5-904D-12B4BDB3A039}.Release|Any CPU.ActiveCfg = Release|Any CPU
		{AC267E22-8AD5-4DE5-904D-12B4BDB3A039}.Release|Any CPU.Build.0 = Release|Any CPU
		{C737C5CA-6158-482A-95FC-A115CD83E9B7}.Debug|Any CPU.ActiveCfg = Debug|Any CPU
		{C737C5CA-6158-482A-95FC-A115CD83E9B7}.Debug|Any CPU.Build.0 = Debug|Any CPU
		{C737C5CA-6158-482A-95FC-A115CD83E9B7}.Release|Any CPU.ActiveCfg = Release|Any CPU
		{C737C5CA-6158-482A-95FC-A115CD83E9B7}.Release|Any CPU.Build.0 = Release|Any CPU
		{0D91EF68-6CB7-40B6-AEE6-F965CF736271}.Debug|Any CPU.ActiveCfg = Debug|Any CPU
		{0D91EF68-6CB7-40B6-AEE6-F965CF736271}.Debug|Any CPU.Build.0 = Debug|Any CPU
		{0D91EF68-6CB7-40B6-AEE6-F965CF736271}.Release|Any CPU.ActiveCfg = Release|Any CPU
		{0D91EF68-6CB7-40B6-AEE6-F965CF736271}.Release|Any CPU.Build.0 = Release|Any CPU
		{19428801-C8BE-4297-BC1C-F77F9955A3A3}.Debug|Any CPU.ActiveCfg = Debug|Any CPU
		{19428801-C8BE-4297-BC1C-F77F9955A3A3}.Debug|Any CPU.Build.0 = Debug|Any CPU
		{19428801-C8BE-4297-BC1C-F77F9955A3A3}.Release|Any CPU.ActiveCfg = Release|Any CPU
		{19428801-C8BE-4297-BC1C-F77F9955A3A3}.Release|Any CPU.Build.0 = Release|Any CPU
		{EEAB0DA8-0C47-48AC-89B8-E8074A7AF32D}.Debug|Any CPU.ActiveCfg = Debug|Any CPU
		{EEAB0DA8-0C47-48AC-89B8-E8074A7AF32D}.Debug|Any CPU.Build.0 = Debug|Any CPU
		{EEAB0DA8-0C47-48AC-89B8-E8074A7AF32D}.Release|Any CPU.ActiveCfg = Release|Any CPU
		{EEAB0DA8-0C47-48AC-89B8-E8074A7AF32D}.Release|Any CPU.Build.0 = Release|Any CPU
		{E11CF999-D31C-4A2D-A720-5107933D4499}.Debug|Any CPU.ActiveCfg = Debug|Any CPU
		{E11CF999-D31C-4A2D-A720-5107933D4499}.Debug|Any CPU.Build.0 = Debug|Any CPU
		{E11CF999-D31C-4A2D-A720-5107933D4499}.Release|Any CPU.ActiveCfg = Release|Any CPU
		{E11CF999-D31C-4A2D-A720-5107933D4499}.Release|Any CPU.Build.0 = Release|Any CPU
		{1686DACF-0AFD-4D18-A8D6-8C389545F221}.Debug|Any CPU.ActiveCfg = Debug|Any CPU
		{1686DACF-0AFD-4D18-A8D6-8C389545F221}.Debug|Any CPU.Build.0 = Debug|Any CPU
		{1686DACF-0AFD-4D18-A8D6-8C389545F221}.Release|Any CPU.ActiveCfg = Release|Any CPU
		{1686DACF-0AFD-4D18-A8D6-8C389545F221}.Release|Any CPU.Build.0 = Release|Any CPU
		{6978153B-847E-46D2-98DB-806165EEA17A}.Debug|Any CPU.ActiveCfg = Debug|Any CPU
		{6978153B-847E-46D2-98DB-806165EEA17A}.Debug|Any CPU.Build.0 = Debug|Any CPU
		{6978153B-847E-46D2-98DB-806165EEA17A}.Release|Any CPU.ActiveCfg = Release|Any CPU
		{6978153B-847E-46D2-98DB-806165EEA17A}.Release|Any CPU.Build.0 = Release|Any CPU
		{AA297341-94E6-478D-99A5-E525F6395CD7}.Debug|Any CPU.ActiveCfg = Debug|Any CPU
		{AA297341-94E6-478D-99A5-E525F6395CD7}.Debug|Any CPU.Build.0 = Debug|Any CPU
		{AA297341-94E6-478D-99A5-E525F6395CD7}.Release|Any CPU.ActiveCfg = Release|Any CPU
		{AA297341-94E6-478D-99A5-E525F6395CD7}.Release|Any CPU.Build.0 = Release|Any CPU
		{86343BCF-B00D-4B56-8C0D-3BCE797497AC}.Debug|Any CPU.ActiveCfg = Debug|Any CPU
		{86343BCF-B00D-4B56-8C0D-3BCE797497AC}.Debug|Any CPU.Build.0 = Debug|Any CPU
		{86343BCF-B00D-4B56-8C0D-3BCE797497AC}.Release|Any CPU.ActiveCfg = Release|Any CPU
		{86343BCF-B00D-4B56-8C0D-3BCE797497AC}.Release|Any CPU.Build.0 = Release|Any CPU
		{14863A02-3622-48BF-AB05-4EF39013BC13}.Debug|Any CPU.ActiveCfg = Debug|Any CPU
		{14863A02-3622-48BF-AB05-4EF39013BC13}.Debug|Any CPU.Build.0 = Debug|Any CPU
		{14863A02-3622-48BF-AB05-4EF39013BC13}.Release|Any CPU.ActiveCfg = Release|Any CPU
		{14863A02-3622-48BF-AB05-4EF39013BC13}.Release|Any CPU.Build.0 = Release|Any CPU
		{AFC2C848-E18B-4937-A8F2-315E38443DF9}.Debug|Any CPU.ActiveCfg = Debug|Any CPU
		{AFC2C848-E18B-4937-A8F2-315E38443DF9}.Debug|Any CPU.Build.0 = Debug|Any CPU
		{AFC2C848-E18B-4937-A8F2-315E38443DF9}.Release|Any CPU.ActiveCfg = Release|Any CPU
		{AFC2C848-E18B-4937-A8F2-315E38443DF9}.Release|Any CPU.Build.0 = Release|Any CPU
		{06DCC444-9755-44F6-B53C-F672225DCDB3}.Debug|Any CPU.ActiveCfg = Debug|Any CPU
		{06DCC444-9755-44F6-B53C-F672225DCDB3}.Debug|Any CPU.Build.0 = Debug|Any CPU
		{06DCC444-9755-44F6-B53C-F672225DCDB3}.Release|Any CPU.ActiveCfg = Release|Any CPU
		{06DCC444-9755-44F6-B53C-F672225DCDB3}.Release|Any CPU.Build.0 = Release|Any CPU
		{AB714DB8-D2D8-4381-B6AA-9FFD98207F6A}.Debug|Any CPU.ActiveCfg = Debug|Any CPU
		{AB714DB8-D2D8-4381-B6AA-9FFD98207F6A}.Debug|Any CPU.Build.0 = Debug|Any CPU
		{AB714DB8-D2D8-4381-B6AA-9FFD98207F6A}.Release|Any CPU.ActiveCfg = Release|Any CPU
		{AB714DB8-D2D8-4381-B6AA-9FFD98207F6A}.Release|Any CPU.Build.0 = Release|Any CPU
		{E31056E2-F887-49F7-8FC6-487074ADD0D6}.Debug|Any CPU.ActiveCfg = Debug|Any CPU
		{E31056E2-F887-49F7-8FC6-487074ADD0D6}.Debug|Any CPU.Build.0 = Debug|Any CPU
		{E31056E2-F887-49F7-8FC6-487074ADD0D6}.Release|Any CPU.ActiveCfg = Release|Any CPU
		{E31056E2-F887-49F7-8FC6-487074ADD0D6}.Release|Any CPU.Build.0 = Release|Any CPU
		{0F369232-BAEE-4F5A-A4E8-A1D294679AED}.Debug|Any CPU.ActiveCfg = Debug|Any CPU
		{0F369232-BAEE-4F5A-A4E8-A1D294679AED}.Debug|Any CPU.Build.0 = Debug|Any CPU
		{0F369232-BAEE-4F5A-A4E8-A1D294679AED}.Release|Any CPU.ActiveCfg = Release|Any CPU
		{0F369232-BAEE-4F5A-A4E8-A1D294679AED}.Release|Any CPU.Build.0 = Release|Any CPU
		{56CAA70D-F3F7-46FA-955F-FD97E44E74D7}.Debug|Any CPU.ActiveCfg = Debug|Any CPU
		{56CAA70D-F3F7-46FA-955F-FD97E44E74D7}.Debug|Any CPU.Build.0 = Debug|Any CPU
		{56CAA70D-F3F7-46FA-955F-FD97E44E74D7}.Release|Any CPU.ActiveCfg = Release|Any CPU
		{56CAA70D-F3F7-46FA-955F-FD97E44E74D7}.Release|Any CPU.Build.0 = Release|Any CPU
		{3E603FD5-DE93-4735-954D-39554C8BC8DA}.Debug|Any CPU.ActiveCfg = Debug|Any CPU
		{3E603FD5-DE93-4735-954D-39554C8BC8DA}.Debug|Any CPU.Build.0 = Debug|Any CPU
		{3E603FD5-DE93-4735-954D-39554C8BC8DA}.Release|Any CPU.ActiveCfg = Release|Any CPU
		{3E603FD5-DE93-4735-954D-39554C8BC8DA}.Release|Any CPU.Build.0 = Release|Any CPU
		{39C3E95C-9343-4E36-8AB0-180C953F5053}.Debug|Any CPU.ActiveCfg = Debug|Any CPU
		{39C3E95C-9343-4E36-8AB0-180C953F5053}.Debug|Any CPU.Build.0 = Debug|Any CPU
		{39C3E95C-9343-4E36-8AB0-180C953F5053}.Release|Any CPU.ActiveCfg = Release|Any CPU
		{39C3E95C-9343-4E36-8AB0-180C953F5053}.Release|Any CPU.Build.0 = Release|Any CPU
		{10E22A38-B843-4166-88E1-367795FBC337}.Debug|Any CPU.ActiveCfg = Debug|Any CPU
		{10E22A38-B843-4166-88E1-367795FBC337}.Debug|Any CPU.Build.0 = Debug|Any CPU
		{10E22A38-B843-4166-88E1-367795FBC337}.Release|Any CPU.ActiveCfg = Release|Any CPU
		{10E22A38-B843-4166-88E1-367795FBC337}.Release|Any CPU.Build.0 = Release|Any CPU
		{2C6E4496-961D-463A-936D-6142D5061E2A}.Debug|Any CPU.ActiveCfg = Debug|Any CPU
		{2C6E4496-961D-463A-936D-6142D5061E2A}.Debug|Any CPU.Build.0 = Debug|Any CPU
		{2C6E4496-961D-463A-936D-6142D5061E2A}.Release|Any CPU.ActiveCfg = Release|Any CPU
		{2C6E4496-961D-463A-936D-6142D5061E2A}.Release|Any CPU.Build.0 = Release|Any CPU
	EndGlobalSection
	GlobalSection(SolutionProperties) = preSolution
		HideSolutionNode = FALSE
	EndGlobalSection
	GlobalSection(NestedProjects) = preSolution
		{C2E2DBBF-7A1D-410D-9DFE-02B166C1EF03} = {38FFFA77-4CE1-4E2F-B373-1045676E68A3}
		{89F3E5A4-87C1-4D33-9506-E2BB6C9EA194} = {38FFFA77-4CE1-4E2F-B373-1045676E68A3}
		{3FDFAC57-9329-4AFB-800C-8CFC1599BA4F} = {38FFFA77-4CE1-4E2F-B373-1045676E68A3}
		{AC267E22-8AD5-4DE5-904D-12B4BDB3A039} = {856721CE-BE71-4553-B3E3-250095DB3A61}
		{C737C5CA-6158-482A-95FC-A115CD83E9B7} = {856721CE-BE71-4553-B3E3-250095DB3A61}
		{0D91EF68-6CB7-40B6-AEE6-F965CF736271} = {856721CE-BE71-4553-B3E3-250095DB3A61}
		{19428801-C8BE-4297-BC1C-F77F9955A3A3} = {4707B68E-8D59-4BF1-89F3-DF23CEA86212}
		{EEAB0DA8-0C47-48AC-89B8-E8074A7AF32D} = {4707B68E-8D59-4BF1-89F3-DF23CEA86212}
		{E11CF999-D31C-4A2D-A720-5107933D4499} = {4707B68E-8D59-4BF1-89F3-DF23CEA86212}
		{1686DACF-0AFD-4D18-A8D6-8C389545F221} = {867ABA93-B233-4C04-BFDB-1D21D64CE966}
		{6978153B-847E-46D2-98DB-806165EEA17A} = {867ABA93-B233-4C04-BFDB-1D21D64CE966}
		{AA297341-94E6-478D-99A5-E525F6395CD7} = {867ABA93-B233-4C04-BFDB-1D21D64CE966}
		{86343BCF-B00D-4B56-8C0D-3BCE797497AC} = {153BA058-11A4-4B7D-B321-96A202829A2C}
		{14863A02-3622-48BF-AB05-4EF39013BC13} = {153BA058-11A4-4B7D-B321-96A202829A2C}
		{AFC2C848-E18B-4937-A8F2-315E38443DF9} = {153BA058-11A4-4B7D-B321-96A202829A2C}
		{06DCC444-9755-44F6-B53C-F672225DCDB3} = {867C7D0E-A2A5-405A-9289-0A33E4C9BF47}
		{AB714DB8-D2D8-4381-B6AA-9FFD98207F6A} = {867C7D0E-A2A5-405A-9289-0A33E4C9BF47}
		{E31056E2-F887-49F7-8FC6-487074ADD0D6} = {867C7D0E-A2A5-405A-9289-0A33E4C9BF47}
		{0F369232-BAEE-4F5A-A4E8-A1D294679AED} = {AEF0ECB1-213C-4251-B51C-73DBA1DBEA57}
		{56CAA70D-F3F7-46FA-955F-FD97E44E74D7} = {AEF0ECB1-213C-4251-B51C-73DBA1DBEA57}
		{3E603FD5-DE93-4735-954D-39554C8BC8DA} = {AEF0ECB1-213C-4251-B51C-73DBA1DBEA57}
		{39C3E95C-9343-4E36-8AB0-180C953F5053} = {07895253-B155-4B17-A2FD-BF29E78A9A5B}
		{10E22A38-B843-4166-88E1-367795FBC337} = {07895253-B155-4B17-A2FD-BF29E78A9A5B}
		{2C6E4496-961D-463A-936D-6142D5061E2A} = {07895253-B155-4B17-A2FD-BF29E78A9A5B}
	EndGlobalSection
	GlobalSection(ExtensibilityGlobals) = postSolution
		SolutionGuid = {72489A7E-25B2-445A-9CEF-6D9805135120}
	EndGlobalSection
EndGlobal
